
Microsoft Visual Studio Solution File, Format Version 12.00
# Visual Studio Version 17
VisualStudioVersion = 17.2.32630.192
MinimumVisualStudioVersion = 10.0.40219.1
Project("{FAE04EC0-301F-11D3-BF4B-00C04F79EFBC}") = "WebAPIExemplo", "WebAPIExemplo\WebAPIExemplo.csproj", "{59ABE0D9-8CD1-4DA8-AB78-4011DB85448A}"
EndProject
Global
	GlobalSection(SolutionConfigurationPlatforms) = preSolution
		Debug|Any CPU = Debug|Any CPU
		Release|Any CPU = Release|Any CPU
	EndGlobalSection
	GlobalSection(ProjectConfigurationPlatforms) = postSolution
		{59ABE0D9-8CD1-4DA8-AB78-4011DB85448A}.Debug|Any CPU.ActiveCfg = Debug|Any CPU
		{59ABE0D9-8CD1-4DA8-AB78-4011DB85448A}.Debug|Any CPU.Build.0 = Debug|Any CPU
		{59ABE0D9-8CD1-4DA8-AB78-4011DB85448A}.Release|Any CPU.ActiveCfg = Release|Any CPU
		{59ABE0D9-8CD1-4DA8-AB78-4011DB85448A}.Release|Any CPU.Build.0 = Release|Any CPU
	EndGlobalSection
	GlobalSection(SolutionProperties) = preSolution
		HideSolutionNode = FALSE
	EndGlobalSection
	GlobalSection(ExtensibilityGlobals) = postSolution
		SolutionGuid = {586CD35E-B1B5-4E1C-AD6B-E762C44BF459}
	EndGlobalSection
EndGlobal
